// !$*UTF8*$!
{
	archiveVersion = 1;
	classes = {
	};
	objectVersion = 46;
	objects = {

/* Begin PBXBuildFile section */
		5D045004663A7A27C9E3A731 /* Logger.swift in Sources */ = {isa = PBXBuildFile; fileRef = 5D045268E5441345A2727498 /* Logger.swift */; };
		5D04506CFFB8CA5CBF425099 /* PrintConsoleGame.swift in Sources */ = {isa = PBXBuildFile; fileRef = 5D0456A6880A38E0FB8905A3 /* PrintConsoleGame.swift */; };
		5D0451BC863131AEA561FD21 /* LogGame.swift in Sources */ = {isa = PBXBuildFile; fileRef = 5D045FFA765FA084DE4C3D11 /* LogGame.swift */; };
		5D04526F6BFD9257822AFCE8 /* Map.swift in Sources */ = {isa = PBXBuildFile; fileRef = 5D04545F133CF4E43DD8AEC5 /* Map.swift */; };
		5D0452FC6A3E863513F8D580 /* SymbolMap.swift in Sources */ = {isa = PBXBuildFile; fileRef = 5D045AA265608F5079192835 /* SymbolMap.swift */; };
		5D045383A986842963D98E6A /* Game.swift in Sources */ = {isa = PBXBuildFile; fileRef = 5D0458FD46AE7353CC4932F3 /* Game.swift */; };
		5D045423BF7099959B71CCA8 /* Menu.swift in Sources */ = {isa = PBXBuildFile; fileRef = 5D045315FAF3C1CDBDEE6846 /* Menu.swift */; };
		5D0454726A727358DB5A184C /* ParsStepper.swift in Sources */ = {isa = PBXBuildFile; fileRef = 5D045628B662D033F04903A2 /* ParsStepper.swift */; };
		5D04548CC95FAFAF92B14508 /* MenuText.swift in Sources */ = {isa = PBXBuildFile; fileRef = 5D045BD1832BC58FADED53CA /* MenuText.swift */; };
		5D04549722A55A980CDDE459 /* AIStepper.swift in Sources */ = {isa = PBXBuildFile; fileRef = 5D045ED1B3A7293896A31E07 /* AIStepper.swift */; };
		5D0454E94E5B362B673529D5 /* Player.swift in Sources */ = {isa = PBXBuildFile; fileRef = 5D04577F5F2AA4C92A48034C /* Player.swift */; };
		5D04553158EC0A84CAA112D8 /* ShotValue.swift in Sources */ = {isa = PBXBuildFile; fileRef = 5D04522D3BBD2916E146A850 /* ShotValue.swift */; };
		5D04563C24D9E47B5D9F1410 /* ConsoleInput.swift in Sources */ = {isa = PBXBuildFile; fileRef = 5D04594A2202583C49DC8965 /* ConsoleInput.swift */; };
		5D045711AB74553465D022B2 /* FillField.swift in Sources */ = {isa = PBXBuildFile; fileRef = 5D045AF2E20164205AC52B25 /* FillField.swift */; };
		5D0458317561211D078C165C /* Filler.swift in Sources */ = {isa = PBXBuildFile; fileRef = 5D04524049E6B2C015502A7B /* Filler.swift */; };
		5D04592E264990C1CFE08C7E /* Makefile in Sources */ = {isa = PBXBuildFile; fileRef = 5D04576D4AEA8027E2720C6A /* Makefile */; };
		5D0459523FAC4929C5680434 /* SettingsText.swift in Sources */ = {isa = PBXBuildFile; fileRef = 5D045FF676811191E4E8622E /* SettingsText.swift */; };
		5D045B961853433BBD8802AE /* InputPlayer.swift in Sources */ = {isa = PBXBuildFile; fileRef = 5D04597D65BAFBF9F410B1A7 /* InputPlayer.swift */; };
		5D045BC68404CB5D47C62490 /* PrinterGame.swift in Sources */ = {isa = PBXBuildFile; fileRef = 5D045E7432D6FC1989FF97D9 /* PrinterGame.swift */; };
		5D045DB73CD3D8C399C99C10 /* main.swift in Sources */ = {isa = PBXBuildFile; fileRef = 5D045D2AAE37AFA2FC54C800 /* main.swift */; };
		5D045DD71E2AABF71B52497E /* Settings.swift in Sources */ = {isa = PBXBuildFile; fileRef = 5D045680D5FBEF6F7B9C47BB /* Settings.swift */; };
		5D045DDFFB59C750338A3B82 /* ANSIColors.swift in Sources */ = {isa = PBXBuildFile; fileRef = 5D04597B2F791D56A59917FB /* ANSIColors.swift */; };
		5D045EDDC3209EACAC103394 /* Validate.swift in Sources */ = {isa = PBXBuildFile; fileRef = 5D045747A1809D274D393DED /* Validate.swift */; };
		5D045F8DF35B320396DBD960 /* Stepper.swift in Sources */ = {isa = PBXBuildFile; fileRef = 5D04532A5348BBDE7463BF43 /* Stepper.swift */; };
/* End PBXBuildFile section */

/* Begin PBXCopyFilesBuildPhase section */
		5D04562583B2C651401576F3 /* CopyFiles */ = {
			isa = PBXCopyFilesBuildPhase;
			buildActionMask = 2147483647;
			dstPath = /usr/share/man/man1/;
			dstSubfolderSpec = 0;
			files = (
			);
			runOnlyForDeploymentPostprocessing = 1;
		};
/* End PBXCopyFilesBuildPhase section */

/* Begin PBXFileReference section */
		5D04522D3BBD2916E146A850 /* ShotValue.swift */ = {isa = PBXFileReference; fileEncoding = 4; lastKnownFileType = sourcecode.swift; path = ShotValue.swift; sourceTree = "<group>"; };
		5D04524049E6B2C015502A7B /* Filler.swift */ = {isa = PBXFileReference; fileEncoding = 4; lastKnownFileType = sourcecode.swift; path = Filler.swift; sourceTree = "<group>"; };
		5D045268E5441345A2727498 /* Logger.swift */ = {isa = PBXFileReference; fileEncoding = 4; lastKnownFileType = sourcecode.swift; path = Logger.swift; sourceTree = "<group>"; };
		5D045315FAF3C1CDBDEE6846 /* Menu.swift */ = {isa = PBXFileReference; fileEncoding = 4; lastKnownFileType = sourcecode.swift; path = Menu.swift; sourceTree = "<group>"; };
		5D04532A5348BBDE7463BF43 /* Stepper.swift */ = {isa = PBXFileReference; fileEncoding = 4; lastKnownFileType = sourcecode.swift; path = Stepper.swift; sourceTree = "<group>"; };
		5D04545F133CF4E43DD8AEC5 /* Map.swift */ = {isa = PBXFileReference; fileEncoding = 4; lastKnownFileType = sourcecode.swift; path = Map.swift; sourceTree = "<group>"; };
		5D045628B662D033F04903A2 /* ParsStepper.swift */ = {isa = PBXFileReference; fileEncoding = 4; lastKnownFileType = sourcecode.swift; path = ParsStepper.swift; sourceTree = "<group>"; };
		5D045680D5FBEF6F7B9C47BB /* Settings.swift */ = {isa = PBXFileReference; fileEncoding = 4; lastKnownFileType = sourcecode.swift; path = Settings.swift; sourceTree = "<group>"; };
		5D0456A6880A38E0FB8905A3 /* PrintConsoleGame.swift */ = {isa = PBXFileReference; fileEncoding = 4; lastKnownFileType = sourcecode.swift; path = PrintConsoleGame.swift; sourceTree = "<group>"; };
		5D045747A1809D274D393DED /* Validate.swift */ = {isa = PBXFileReference; fileEncoding = 4; lastKnownFileType = sourcecode.swift; path = Validate.swift; sourceTree = "<group>"; };
		5D04576D4AEA8027E2720C6A /* Makefile */ = {isa = PBXFileReference; fileEncoding = 4; lastKnownFileType = sourcecode.make; path = Makefile; sourceTree = "<group>"; };
		5D04577F5F2AA4C92A48034C /* Player.swift */ = {isa = PBXFileReference; fileEncoding = 4; lastKnownFileType = sourcecode.swift; path = Player.swift; sourceTree = "<group>"; };
		5D045807906930CD63526F70 /* SeaBattle */ = {isa = PBXFileReference; explicitFileType = "compiled.mach-o.executable"; includeInIndex = 0; path = SeaBattle; sourceTree = BUILT_PRODUCTS_DIR; };
		5D0458FD46AE7353CC4932F3 /* Game.swift */ = {isa = PBXFileReference; fileEncoding = 4; lastKnownFileType = sourcecode.swift; path = Game.swift; sourceTree = "<group>"; };
		5D04594A2202583C49DC8965 /* ConsoleInput.swift */ = {isa = PBXFileReference; fileEncoding = 4; lastKnownFileType = sourcecode.swift; path = ConsoleInput.swift; sourceTree = "<group>"; };
		5D04597B2F791D56A59917FB /* ANSIColors.swift */ = {isa = PBXFileReference; fileEncoding = 4; lastKnownFileType = sourcecode.swift; path = ANSIColors.swift; sourceTree = "<group>"; };
		5D04597D65BAFBF9F410B1A7 /* InputPlayer.swift */ = {isa = PBXFileReference; fileEncoding = 4; lastKnownFileType = sourcecode.swift; path = InputPlayer.swift; sourceTree = "<group>"; };
		5D045AA265608F5079192835 /* SymbolMap.swift */ = {isa = PBXFileReference; fileEncoding = 4; lastKnownFileType = sourcecode.swift; path = SymbolMap.swift; sourceTree = "<group>"; };
		5D045AF2E20164205AC52B25 /* FillField.swift */ = {isa = PBXFileReference; fileEncoding = 4; lastKnownFileType = sourcecode.swift; path = FillField.swift; sourceTree = "<group>"; };
		5D045BD1832BC58FADED53CA /* MenuText.swift */ = {isa = PBXFileReference; fileEncoding = 4; lastKnownFileType = sourcecode.swift; path = MenuText.swift; sourceTree = "<group>"; };
		5D045D2AAE37AFA2FC54C800 /* main.swift */ = {isa = PBXFileReference; lastKnownFileType = sourcecode.swift; path = main.swift; sourceTree = "<group>"; };
		5D045E7432D6FC1989FF97D9 /* PrinterGame.swift */ = {isa = PBXFileReference; fileEncoding = 4; lastKnownFileType = sourcecode.swift; path = PrinterGame.swift; sourceTree = "<group>"; };
		5D045ED1B3A7293896A31E07 /* AIStepper.swift */ = {isa = PBXFileReference; fileEncoding = 4; lastKnownFileType = sourcecode.swift; path = AIStepper.swift; sourceTree = "<group>"; };
		5D045FF676811191E4E8622E /* SettingsText.swift */ = {isa = PBXFileReference; fileEncoding = 4; lastKnownFileType = sourcecode.swift; path = SettingsText.swift; sourceTree = "<group>"; };
		5D045FFA765FA084DE4C3D11 /* LogGame.swift */ = {isa = PBXFileReference; fileEncoding = 4; lastKnownFileType = sourcecode.swift; path = LogGame.swift; sourceTree = "<group>"; };
/* End PBXFileReference section */

/* Begin PBXFrameworksBuildPhase section */
		5D0459BF390736834F20E9CC /* Frameworks */ = {
			isa = PBXFrameworksBuildPhase;
			buildActionMask = 2147483647;
			files = (
			);
			runOnlyForDeploymentPostprocessing = 0;
		};
/* End PBXFrameworksBuildPhase section */

/* Begin PBXGroup section */
		5D045374EC243C4DB81CBB2C /* Products */ = {
			isa = PBXGroup;
			children = (
				5D045807906930CD63526F70 /* SeaBattle */,
			);
			name = Products;
			sourceTree = "<group>";
		};
		5D04567338404A4CF8F56703 /* SeaBattle */ = {
			isa = PBXGroup;
			children = (
				5D045D2AAE37AFA2FC54C800 /* main.swift */,
				5D04545F133CF4E43DD8AEC5 /* Map.swift */,
				5D045AA265608F5079192835 /* SymbolMap.swift */,
				5D04532A5348BBDE7463BF43 /* Stepper.swift */,
				5D04524049E6B2C015502A7B /* Filler.swift */,
				5D045AF2E20164205AC52B25 /* FillField.swift */,
				5D045ED1B3A7293896A31E07 /* AIStepper.swift */,
				5D045628B662D033F04903A2 /* ParsStepper.swift */,
				5D045E7432D6FC1989FF97D9 /* PrinterGame.swift */,
				5D0456A6880A38E0FB8905A3 /* PrintConsoleGame.swift */,
				5D04577F5F2AA4C92A48034C /* Player.swift */,
				5D0458FD46AE7353CC4932F3 /* Game.swift */,
				5D04576D4AEA8027E2720C6A /* Makefile */,
				5D045268E5441345A2727498 /* Logger.swift */,
				5D04597D65BAFBF9F410B1A7 /* InputPlayer.swift */,
				5D045FFA765FA084DE4C3D11 /* LogGame.swift */,
				5D045315FAF3C1CDBDEE6846 /* Menu.swift */,
				5D045680D5FBEF6F7B9C47BB /* Settings.swift */,
				5D045FF676811191E4E8622E /* SettingsText.swift */,
				5D045BD1832BC58FADED53CA /* MenuText.swift */,
				5D04597B2F791D56A59917FB /* ANSIColors.swift */,
				5D04522D3BBD2916E146A850 /* ShotValue.swift */,
				5D045747A1809D274D393DED /* Validate.swift */,
				5D04594A2202583C49DC8965 /* ConsoleInput.swift */,
			);
			path = SeaBattle;
			sourceTree = "<group>";
		};
		5D04569D12D29EAF35E02645 = {
			isa = PBXGroup;
			children = (
				5D045374EC243C4DB81CBB2C /* Products */,
				5D04567338404A4CF8F56703 /* SeaBattle */,
			);
			sourceTree = "<group>";
		};
/* End PBXGroup section */

/* Begin PBXNativeTarget section */
		5D0450EE68511FA1D3603279 /* SeaBattle */ = {
			isa = PBXNativeTarget;
			buildConfigurationList = 5D045D0EEFDD32F644E616E5 /* Build configuration list for PBXNativeTarget "SeaBattle" */;
			buildPhases = (
				5D04524636A79DCA15D27A8B /* Sources */,
				5D0459BF390736834F20E9CC /* Frameworks */,
				5D04562583B2C651401576F3 /* CopyFiles */,
			);
			buildRules = (
			);
			dependencies = (
			);
			name = SeaBattle;
			productName = SeaBattle;
			productReference = 5D045807906930CD63526F70 /* SeaBattle */;
			productType = "com.apple.product-type.tool";
		};
/* End PBXNativeTarget section */

/* Begin PBXProject section */
		5D0450FDACA95D8D86EC31EE /* Project object */ = {
			isa = PBXProject;
			attributes = {
				ORGANIZATIONNAME = "___School21___";
			};
			buildConfigurationList = 5D0459C6686A77BC16C147C2 /* Build configuration list for PBXProject "SeaBattle" */;
			compatibilityVersion = "Xcode 3.2";
			developmentRegion = English;
			hasScannedForEncodings = 0;
			knownRegions = (
				en,
			);
			mainGroup = 5D04569D12D29EAF35E02645;
			productRefGroup = 5D045374EC243C4DB81CBB2C /* Products */;
			projectDirPath = "";
			projectRoot = "";
			targets = (
				5D0450EE68511FA1D3603279 /* SeaBattle */,
			);
		};
/* End PBXProject section */

/* Begin PBXSourcesBuildPhase section */
		5D04524636A79DCA15D27A8B /* Sources */ = {
			isa = PBXSourcesBuildPhase;
			buildActionMask = 2147483647;
			files = (
				5D045DB73CD3D8C399C99C10 /* main.swift in Sources */,
				5D04526F6BFD9257822AFCE8 /* Map.swift in Sources */,
				5D0452FC6A3E863513F8D580 /* SymbolMap.swift in Sources */,
				5D045F8DF35B320396DBD960 /* Stepper.swift in Sources */,
				5D0458317561211D078C165C /* Filler.swift in Sources */,
				5D045711AB74553465D022B2 /* FillField.swift in Sources */,
				5D04549722A55A980CDDE459 /* AIStepper.swift in Sources */,
				5D0454726A727358DB5A184C /* ParsStepper.swift in Sources */,
				5D045BC68404CB5D47C62490 /* PrinterGame.swift in Sources */,
				5D04506CFFB8CA5CBF425099 /* PrintConsoleGame.swift in Sources */,
				5D0454E94E5B362B673529D5 /* Player.swift in Sources */,
				5D045383A986842963D98E6A /* Game.swift in Sources */,
				5D04592E264990C1CFE08C7E /* Makefile in Sources */,
				5D045004663A7A27C9E3A731 /* Logger.swift in Sources */,
				5D045B961853433BBD8802AE /* InputPlayer.swift in Sources */,
				5D0451BC863131AEA561FD21 /* LogGame.swift in Sources */,
				5D045423BF7099959B71CCA8 /* Menu.swift in Sources */,
				5D045DD71E2AABF71B52497E /* Settings.swift in Sources */,
				5D0459523FAC4929C5680434 /* SettingsText.swift in Sources */,
				5D04548CC95FAFAF92B14508 /* MenuText.swift in Sources */,
				5D045DDFFB59C750338A3B82 /* ANSIColors.swift in Sources */,
				5D04553158EC0A84CAA112D8 /* ShotValue.swift in Sources */,
				5D045EDDC3209EACAC103394 /* Validate.swift in Sources */,
				5D04563C24D9E47B5D9F1410 /* ConsoleInput.swift in Sources */,
			);
			runOnlyForDeploymentPostprocessing = 0;
		};
/* End PBXSourcesBuildPhase section */

/* Begin XCBuildConfiguration section */
		5D04568FB88E99D19CEAFB28 /* Release */ = {
			isa = XCBuildConfiguration;
			buildSettings = {
				PRODUCT_NAME = "$(TARGET_NAME)";
				SWIFT_VERSION = 5.0;
			};
			name = Release;
		};
		5D04575B716AC21F152FEF27 /* Release */ = {
			isa = XCBuildConfiguration;
			buildSettings = {
				ALWAYS_SEARCH_USER_PATHS = NO;
				CLANG_ANALYZER_NONNULL = YES;
				CLANG_ANALYZER_NUMBER_OBJECT_CONVERSION = YES_AGGRESSIVE;
				CLANG_CXX_LANGUAGE_STANDARD = "gnu++14";
				CLANG_CXX_LIBRARY = "libc++";
				CLANG_ENABLE_MODULES = YES;
				CLANG_ENABLE_OBJC_ARC = YES;
				CLANG_ENABLE_OBJC_WEAK = YES;
				CLANG_WARN_BLOCK_CAPTURE_AUTORELEASING = YES;
				CLANG_WARN_BOOL_CONVERSION = YES;
				CLANG_WARN_COMMA = YES;
				CLANG_WARN_CONSTANT_CONVERSION = YES;
				CLANG_WARN_DEPRECATED_OBJC_IMPLEMENTATIONS = YES;
				CLANG_WARN_DIRECT_OBJC_ISA_USAGE = YES_ERROR;
				CLANG_WARN_DOCUMENTATION_COMMENTS = YES;
				CLANG_WARN_EMPTY_BODY = YES;
				CLANG_WARN_ENUM_CONVERSION = YES;
				CLANG_WARN_INFINITE_RECURSION = YES;
				CLANG_WARN_INT_CONVERSION = YES;
				CLANG_WARN_NON_LITERAL_NULL_CONVERSION = YES;
				CLANG_WARN_OBJC_IMPLICIT_RETAIN_SELF = YES;
				CLANG_WARN_OBJC_LITERAL_CONVERSION = YES;
				CLANG_WARN_OBJC_ROOT_CLASS = YES_ERROR;
				CLANG_WARN_RANGE_LOOP_ANALYSIS = YES;
				CLANG_WARN_STRICT_PROTOTYPES = YES;
				CLANG_WARN_SUSPICIOUS_MOVE = YES;
				CLANG_WARN_UNGUARDED_AVAILABILITY = YES_AGGRESSIVE;
				CLANG_WARN_UNREACHABLE_CODE = YES;
				CLANG_WARN__DUPLICATE_METHOD_MATCH = YES;
				COPY_PHASE_STRIP = NO;
				DEBUG_INFORMATION_FORMAT = "dwarf-with-dsym";
				ENABLE_NS_ASSERTIONS = NO;
				ENABLE_STRICT_OBJC_MSGSEND = YES;
				GCC_C_LANGUAGE_STANDARD = gnu11;
				GCC_NO_COMMON_BLOCKS = YES;
				GCC_WARN_64_TO_32_BIT_CONVERSION = YES;
				GCC_WARN_ABOUT_RETURN_TYPE = YES_ERROR;
				GCC_WARN_UNDECLARED_SELECTOR = YES;
				GCC_WARN_UNINITIALIZED_AUTOS = YES_AGGRESSIVE;
				GCC_WARN_UNUSED_FUNCTION = YES;
				GCC_WARN_UNUSED_VARIABLE = YES;
				MACOSX_DEPLOYMENT_TARGET = 10.14;
				MTL_ENABLE_DEBUG_INFO = NO;
				MTL_FAST_MATH = YES;
				SDKROOT = macosx;
				SWIFT_COMPILATION_MODE = wholemodule;
				SWIFT_OPTIMIZATION_LEVEL = "-O";
			};
			name = Release;
		};
		5D045BF17A3139A4CDE3F659 /* Debug */ = {
			isa = XCBuildConfiguration;
			buildSettings = {
				PRODUCT_NAME = "$(TARGET_NAME)";
				SWIFT_VERSION = 5.0;
			};
			name = Debug;
		};
		5D045CD74F9ABEC1EEC34275 /* Debug */ = {
			isa = XCBuildConfiguration;
			buildSettings = {
				ALWAYS_SEARCH_USER_PATHS = NO;
				CLANG_ANALYZER_NONNULL = YES;
				CLANG_ANALYZER_NUMBER_OBJECT_CONVERSION = YES_AGGRESSIVE;
				CLANG_CXX_LANGUAGE_STANDARD = "gnu++14";
				CLANG_CXX_LIBRARY = "libc++";
				CLANG_ENABLE_MODULES = YES;
				CLANG_ENABLE_OBJC_ARC = YES;
				CLANG_ENABLE_OBJC_WEAK = YES;
				CLANG_WARN_BLOCK_CAPTURE_AUTORELEASING = YES;
				CLANG_WARN_BOOL_CONVERSION = YES;
				CLANG_WARN_COMMA = YES;
				CLANG_WARN_CONSTANT_CONVERSION = YES;
				CLANG_WARN_DEPRECATED_OBJC_IMPLEMENTATIONS = YES;
				CLANG_WARN_DIRECT_OBJC_ISA_USAGE = YES_ERROR;
				CLANG_WARN_DOCUMENTATION_COMMENTS = YES;
				CLANG_WARN_EMPTY_BODY = YES;
				CLANG_WARN_ENUM_CONVERSION = YES;
				CLANG_WARN_INFINITE_RECURSION = YES;
				CLANG_WARN_INT_CONVERSION = YES;
				CLANG_WARN_NON_LITERAL_NULL_CONVERSION = YES;
				CLANG_WARN_OBJC_IMPLICIT_RETAIN_SELF = YES;
				CLANG_WARN_OBJC_LITERAL_CONVERSION = YES;
				CLANG_WARN_OBJC_ROOT_CLASS = YES_ERROR;
				CLANG_WARN_RANGE_LOOP_ANALYSIS = YES;
				CLANG_WARN_STRICT_PROTOTYPES = YES;
				CLANG_WARN_SUSPICIOUS_MOVE = YES;
				CLANG_WARN_UNGUARDED_AVAILABILITY = YES_AGGRESSIVE;
				CLANG_WARN_UNREACHABLE_CODE = YES;
				CLANG_WARN__DUPLICATE_METHOD_MATCH = YES;
				COPY_PHASE_STRIP = NO;
				DEBUG_INFORMATION_FORMAT = dwarf;
				ENABLE_STRICT_OBJC_MSGSEND = YES;
				ENABLE_TESTABILITY = YES;
				GCC_C_LANGUAGE_STANDARD = gnu11;
				GCC_DYNAMIC_NO_PIC = NO;
				GCC_NO_COMMON_BLOCKS = YES;
				GCC_OPTIMIZATION_LEVEL = 0;
				GCC_PREPROCESSOR_DEFINITIONS = (
					"DEBUG=1",
					"$(inherited)",
				);
				GCC_WARN_64_TO_32_BIT_CONVERSION = YES;
				GCC_WARN_ABOUT_RETURN_TYPE = YES_ERROR;
				GCC_WARN_UNDECLARED_SELECTOR = YES;
				GCC_WARN_UNINITIALIZED_AUTOS = YES_AGGRESSIVE;
				GCC_WARN_UNUSED_FUNCTION = YES;
				GCC_WARN_UNUSED_VARIABLE = YES;
				MACOSX_DEPLOYMENT_TARGET = 10.14;
				MTL_ENABLE_DEBUG_INFO = INCLUDE_SOURCE;
				MTL_FAST_MATH = YES;
				ONLY_ACTIVE_ARCH = YES;
				SDKROOT = macosx;
				SWIFT_ACTIVE_COMPILATION_CONDITIONS = DEBUG;
				SWIFT_OPTIMIZATION_LEVEL = "-Onone";
			};
			name = Debug;
		};
/* End XCBuildConfiguration section */

/* Begin XCConfigurationList section */
		5D0459C6686A77BC16C147C2 /* Build configuration list for PBXProject "SeaBattle" */ = {
			isa = XCConfigurationList;
			buildConfigurations = (
				5D045CD74F9ABEC1EEC34275 /* Debug */,
				5D04575B716AC21F152FEF27 /* Release */,
			);
			defaultConfigurationIsVisible = 0;
			defaultConfigurationName = Release;
		};
		5D045D0EEFDD32F644E616E5 /* Build configuration list for PBXNativeTarget "SeaBattle" */ = {
			isa = XCConfigurationList;
			buildConfigurations = (
				5D045BF17A3139A4CDE3F659 /* Debug */,
				5D04568FB88E99D19CEAFB28 /* Release */,
			);
			defaultConfigurationIsVisible = 0;
		};
/* End XCConfigurationList section */
	};
	rootObject = 5D0450FDACA95D8D86EC31EE /* Project object */;
}
